
Microsoft Visual Studio Solution File, Format Version 12.00
# Visual Studio Version 17
VisualStudioVersion = 17.14.36511.14 d17.14
MinimumVisualStudioVersion = 10.0.40219.1
Project("{FAE04EC0-301F-11D3-BF4B-00C04F79EFBC}") = "LocalChatBotBackend", "LocalChatBotBackend.csproj", "{BBB0F2A1-14B1-D74C-A869-907A3D705F0B}"
EndProject
Global
	GlobalSection(SolutionConfigurationPlatforms) = preSolution
		Debug|Any CPU = Debug|Any CPU
		Release|Any CPU = Release|Any CPU
	EndGlobalSection
	GlobalSection(ProjectConfigurationPlatforms) = postSolution
		{BBB0F2A1-14B1-D74C-A869-907A3D705F0B}.Debug|Any CPU.ActiveCfg = Debug|Any CPU
		{BBB0F2A1-14B1-D74C-A869-907A3D705F0B}.Debug|Any CPU.Build.0 = Debug|Any CPU
		{BBB0F2A1-14B1-D74C-A869-907A3D705F0B}.Release|Any CPU.ActiveCfg = Release|Any CPU
		{BBB0F2A1-14B1-D74C-A869-907A3D705F0B}.Release|Any CPU.Build.0 = Release|Any CPU
	EndGlobalSection
	GlobalSection(SolutionProperties) = preSolution
		HideSolutionNode = FALSE
	EndGlobalSection
	GlobalSection(ExtensibilityGlobals) = postSolution
		SolutionGuid = {2744C302-BC94-48E1-ACBB-478793EE4432}
	EndGlobalSection
EndGlobal
